
Microsoft Visual Studio Solution File, Format Version 12.00
# Visual Studio Version 16
VisualStudioVersion = 16.0.30611.23
MinimumVisualStudioVersion = 10.0.40219.1
Project("{FAE04EC0-301F-11D3-BF4B-00C04F79EFBC}") = "MyInventory", "MyInventory\MyInventory.csproj", "{6FACF718-7172-4DC3-B636-9EE335400624}"
EndProject
Global
	GlobalSection(SolutionConfigurationPlatforms) = preSolution
		Debug|Any CPU = Debug|Any CPU
		Release|Any CPU = Release|Any CPU
	EndGlobalSection
	GlobalSection(ProjectConfigurationPlatforms) = postSolution
		{6FACF718-7172-4DC3-B636-9EE335400624}.Debug|Any CPU.ActiveCfg = Debug|Any CPU
		{6FACF718-7172-4DC3-B636-9EE335400624}.Debug|Any CPU.Build.0 = Debug|Any CPU
		{6FACF718-7172-4DC3-B636-9EE335400624}.Release|Any CPU.ActiveCfg = Release|Any CPU
		{6FACF718-7172-4DC3-B636-9EE335400624}.Release|Any CPU.Build.0 = Release|Any CPU
	EndGlobalSection
	GlobalSection(SolutionProperties) = preSolution
		HideSolutionNode = FALSE
	EndGlobalSection
	GlobalSection(ExtensibilityGlobals) = postSolution
		SolutionGuid = {BA265F18-9756-41BB-9542-D5266944F5D4}
	EndGlobalSection
EndGlobal
